
Microsoft Visual Studio Solution File, Format Version 12.00
# Visual Studio Version 17
VisualStudioVersion = 17.0.31903.59
MinimumVisualStudioVersion = 10.0.40219.1
Project("{9A19103F-16F7-4668-BE54-9A1E7A4F7556}") = "_build", "build\_build.csproj", "{C9FE6E47-D04B-4E58-930C-BC5D66B6E379}"
EndProject
Project("{9A19103F-16F7-4668-BE54-9A1E7A4F7556}") = "Presentation", "src\Presentation\Presentation.csproj", "{48228C3F-7FE1-4425-A837-F3EAC2F3D17A}"
EndProject
Project("{9A19103F-16F7-4668-BE54-9A1E7A4F7556}") = "Domain", "src\Domain\Domain.csproj", "{7E070F7A-CCA1-4F05-8823-DFEDF0E30857}"
EndProject
Project("{9A19103F-16F7-4668-BE54-9A1E7A4F7556}") = "Application", "src\Application\Application.csproj", "{DEA9CA88-74E4-45EA-AA2F-C55115F68C9E}"
EndProject
Project("{9A19103F-16F7-4668-BE54-9A1E7A4F7556}") = "Infrastructure.SQLite", "src\Infrastructure.SQLite\Infrastructure.SQLite.csproj", "{07E639A5-5CAE-49F0-8000-83664155E4F2}"
EndProject
Project("{2150E333-8FDC-42A3-9474-1A3956D46DE8}") = "Solution Items", "Solution Items", "{24310FA9-EB36-45C1-9C73-652374A0A9E1}"
	ProjectSection(SolutionItems) = preProject
		installerTemplate.ps1 = installerTemplate.ps1
	EndProjectSection
EndProject
Global
	GlobalSection(SolutionConfigurationPlatforms) = preSolution
		Debug|Any CPU = Debug|Any CPU
		Release|Any CPU = Release|Any CPU
	EndGlobalSection
	GlobalSection(ProjectConfigurationPlatforms) = postSolution
		{C9FE6E47-D04B-4E58-930C-BC5D66B6E379}.Debug|Any CPU.ActiveCfg = Debug|Any CPU
		{C9FE6E47-D04B-4E58-930C-BC5D66B6E379}.Debug|Any CPU.Build.0 = Debug|Any CPU
		{C9FE6E47-D04B-4E58-930C-BC5D66B6E379}.Release|Any CPU.ActiveCfg = Release|Any CPU
		{C9FE6E47-D04B-4E58-930C-BC5D66B6E379}.Release|Any CPU.Build.0 = Release|Any CPU
		{48228C3F-7FE1-4425-A837-F3EAC2F3D17A}.Debug|Any CPU.ActiveCfg = Debug|Any CPU
		{48228C3F-7FE1-4425-A837-F3EAC2F3D17A}.Debug|Any CPU.Build.0 = Debug|Any CPU
		{48228C3F-7FE1-4425-A837-F3EAC2F3D17A}.Release|Any CPU.ActiveCfg = Release|Any CPU
		{48228C3F-7FE1-4425-A837-F3EAC2F3D17A}.Release|Any CPU.Build.0 = Release|Any CPU
		{7E070F7A-CCA1-4F05-8823-DFEDF0E30857}.Debug|Any CPU.ActiveCfg = Debug|Any CPU
		{7E070F7A-CCA1-4F05-8823-DFEDF0E30857}.Debug|Any CPU.Build.0 = Debug|Any CPU
		{7E070F7A-CCA1-4F05-8823-DFEDF0E30857}.Release|Any CPU.ActiveCfg = Release|Any CPU
		{7E070F7A-CCA1-4F05-8823-DFEDF0E30857}.Release|Any CPU.Build.0 = Release|Any CPU
		{DEA9CA88-74E4-45EA-AA2F-C55115F68C9E}.Debug|Any CPU.ActiveCfg = Debug|Any CPU
		{DEA9CA88-74E4-45EA-AA2F-C55115F68C9E}.Debug|Any CPU.Build.0 = Debug|Any CPU
		{DEA9CA88-74E4-45EA-AA2F-C55115F68C9E}.Release|Any CPU.ActiveCfg = Release|Any CPU
		{DEA9CA88-74E4-45EA-AA2F-C55115F68C9E}.Release|Any CPU.Build.0 = Release|Any CPU
		{07E639A5-5CAE-49F0-8000-83664155E4F2}.Debug|Any CPU.ActiveCfg = Debug|Any CPU
		{07E639A5-5CAE-49F0-8000-83664155E4F2}.Debug|Any CPU.Build.0 = Debug|Any CPU
		{07E639A5-5CAE-49F0-8000-83664155E4F2}.Release|Any CPU.ActiveCfg = Release|Any CPU
		{07E639A5-5CAE-49F0-8000-83664155E4F2}.Release|Any CPU.Build.0 = Release|Any CPU
	EndGlobalSection
	GlobalSection(SolutionProperties) = preSolution
		HideSolutionNode = FALSE
	EndGlobalSection
	GlobalSection(ExtensibilityGlobals) = postSolution
		SolutionGuid = {D78B50B8-C141-49A0-8FB0-97E98D651A73}
	EndGlobalSection
EndGlobal
